<?xml version="1.0" encoding="utf-8"?>
<Project ToolsVersion="16.0" xmlns="http://schemas.microsoft.com/developer/msbuild/2003">
  <ItemGroup>
    <CustomBuild Include="D:\meditate App\flutter_application_1\build\windows\x64\CMakeFiles\5ff99e3b8b1b5cfd3e189b5f2920236d\INSTALL_force.rule">
      <Filter>CMake Rules</Filter>
    </CustomBuild>
  </ItemGroup>
  <ItemGroup>
    <Filter Include="CMake Rules">
      <UniqueIdentifier>{A753B6BD-5BBF-3ED9-9BA3-2350B609341A}</UniqueIdentifier>
    </Filter>
  </ItemGroup>
</Project>
